
Microsoft Visual Studio Solution File, Format Version 12.00
# Visual Studio Version 17
VisualStudioVersion = 17.5.002.0
MinimumVisualStudioVersion = 10.0.40219.1
Project("{9A19103F-16F7-4668-BE54-9A1E7A4F7556}") = "AdminApp", "AdminApp\AdminApp.csproj", "{2C14955E-2230-4A9E-B0A1-8EF71E16DC48}"
EndProject
Global
	GlobalSection(SolutionConfigurationPlatforms) = preSolution
		Debug|Any CPU = Debug|Any CPU
		Release|Any CPU = Release|Any CPU
	EndGlobalSection
	GlobalSection(ProjectConfigurationPlatforms) = postSolution
		{2C14955E-2230-4A9E-B0A1-8EF71E16DC48}.Debug|Any CPU.ActiveCfg = Debug|Any CPU
		{2C14955E-2230-4A9E-B0A1-8EF71E16DC48}.Debug|Any CPU.Build.0 = Debug|Any CPU
		{2C14955E-2230-4A9E-B0A1-8EF71E16DC48}.Release|Any CPU.ActiveCfg = Release|Any CPU
		{2C14955E-2230-4A9E-B0A1-8EF71E16DC48}.Release|Any CPU.Build.0 = Release|Any CPU
	EndGlobalSection
	GlobalSection(SolutionProperties) = preSolution
		HideSolutionNode = FALSE
	EndGlobalSection
	GlobalSection(ExtensibilityGlobals) = postSolution
		SolutionGuid = {A6A621EE-46B2-4EE7-8C04-87BCD2EE5470}
	EndGlobalSection
EndGlobal
