
Microsoft Visual Studio Solution File, Format Version 12.00
# Visual Studio Version 17
VisualStudioVersion = 17.0.31903.59
MinimumVisualStudioVersion = 10.0.40219.1
Project("{2150E333-8FDC-42A3-9474-1A3956D46DE8}") = "WebApp", "WebApp", "{05A39B4F-2CA6-4A26-9DC7-5CC075FB6885}"
EndProject
Project("{FAE04EC0-301F-11D3-BF4B-00C04F79EFBC}") = "WebApp", "WebApp\WebApp\WebApp.csproj", "{9F464154-A616-442C-AE0B-22532D723549}"
EndProject
Project("{2150E333-8FDC-42A3-9474-1A3956D46DE8}") = "BackOfficeApp", "BackOfficeApp", "{4A21D48D-E562-491F-A9CE-3DC81128D2A4}"
EndProject
Project("{FAE04EC0-301F-11D3-BF4B-00C04F79EFBC}") = "BackOfficeApp", "BackOfficeApp\BackOfficeApp\BackOfficeApp.csproj", "{A5F7DF7E-D3E2-4E32-860F-53E12DA8EE6F}"
EndProject
Project("{2150E333-8FDC-42A3-9474-1A3956D46DE8}") = "ChatConsoleApp", "ChatConsoleApp", "{E051E50E-F80F-4833-95BB-EF06BE5E235C}"
EndProject
Project("{FAE04EC0-301F-11D3-BF4B-00C04F79EFBC}") = "ChatConsoleApp", "ChatConsoleApp\ChatConsoleApp\ChatConsoleApp.csproj", "{5D35F4A1-911D-4D4D-881A-323DB790D9CC}"
EndProject
Project("{2150E333-8FDC-42A3-9474-1A3956D46DE8}") = "CoreSystem", "CoreSystem", "{04077462-AF17-4143-BC9A-7FD8FDA1C6AC}"
EndProject
Project("{FAE04EC0-301F-11D3-BF4B-00C04F79EFBC}") = "CoreLibrary", "CoreSystem\CoreLibrary\CoreLibrary.csproj", "{5865884C-525A-4E85-BC96-D79468B88A49}"
EndProject
Project("{2150E333-8FDC-42A3-9474-1A3956D46DE8}") = "PushApp", "PushApp", "{53303DB2-BF53-4198-9AB7-677EBC180D0B}"
EndProject
Project("{FAE04EC0-301F-11D3-BF4B-00C04F79EFBC}") = "PushApp", "PushApp\PushApp\PushApp.csproj", "{153996AF-BE05-4F97-9AA5-C716F78C9F70}"
EndProject
Project("{2150E333-8FDC-42A3-9474-1A3956D46DE8}") = "WebApp.Tests", "WebApp.Tests", "{C1A01B75-51E2-4AD9-9E08-5F1CA275ED7E}"
EndProject
Project("{FAE04EC0-301F-11D3-BF4B-00C04F79EFBC}") = "WebApp.Tests", "WebApp.Tests\WebApp.Tests\WebApp.Tests.csproj", "{DDE04C69-E9CF-482F-BE3B-537DFCB0BAF7}"
EndProject
Global
	GlobalSection(SolutionConfigurationPlatforms) = preSolution
		Debug|Any CPU = Debug|Any CPU
		Release|Any CPU = Release|Any CPU
	EndGlobalSection
	GlobalSection(SolutionProperties) = preSolution
		HideSolutionNode = FALSE
	EndGlobalSection
	GlobalSection(ProjectConfigurationPlatforms) = postSolution
		{9F464154-A616-442C-AE0B-22532D723549}.Debug|Any CPU.ActiveCfg = Debug|Any CPU
		{9F464154-A616-442C-AE0B-22532D723549}.Debug|Any CPU.Build.0 = Debug|Any CPU
		{9F464154-A616-442C-AE0B-22532D723549}.Release|Any CPU.ActiveCfg = Release|Any CPU
		{9F464154-A616-442C-AE0B-22532D723549}.Release|Any CPU.Build.0 = Release|Any CPU
		{A5F7DF7E-D3E2-4E32-860F-53E12DA8EE6F}.Debug|Any CPU.ActiveCfg = Debug|Any CPU
		{A5F7DF7E-D3E2-4E32-860F-53E12DA8EE6F}.Debug|Any CPU.Build.0 = Debug|Any CPU
		{A5F7DF7E-D3E2-4E32-860F-53E12DA8EE6F}.Release|Any CPU.ActiveCfg = Release|Any CPU
		{A5F7DF7E-D3E2-4E32-860F-53E12DA8EE6F}.Release|Any CPU.Build.0 = Release|Any CPU
		{5D35F4A1-911D-4D4D-881A-323DB790D9CC}.Debug|Any CPU.ActiveCfg = Debug|Any CPU
		{5D35F4A1-911D-4D4D-881A-323DB790D9CC}.Debug|Any CPU.Build.0 = Debug|Any CPU
		{5D35F4A1-911D-4D4D-881A-323DB790D9CC}.Release|Any CPU.ActiveCfg = Release|Any CPU
		{5D35F4A1-911D-4D4D-881A-323DB790D9CC}.Release|Any CPU.Build.0 = Release|Any CPU
		{5865884C-525A-4E85-BC96-D79468B88A49}.Debug|Any CPU.ActiveCfg = Debug|Any CPU
		{5865884C-525A-4E85-BC96-D79468B88A49}.Debug|Any CPU.Build.0 = Debug|Any CPU
		{5865884C-525A-4E85-BC96-D79468B88A49}.Release|Any CPU.ActiveCfg = Release|Any CPU
		{5865884C-525A-4E85-BC96-D79468B88A49}.Release|Any CPU.Build.0 = Release|Any CPU
		{153996AF-BE05-4F97-9AA5-C716F78C9F70}.Debug|Any CPU.ActiveCfg = Debug|Any CPU
		{153996AF-BE05-4F97-9AA5-C716F78C9F70}.Debug|Any CPU.Build.0 = Debug|Any CPU
		{153996AF-BE05-4F97-9AA5-C716F78C9F70}.Release|Any CPU.ActiveCfg = Release|Any CPU
		{153996AF-BE05-4F97-9AA5-C716F78C9F70}.Release|Any CPU.Build.0 = Release|Any CPU
		{DDE04C69-E9CF-482F-BE3B-537DFCB0BAF7}.Debug|Any CPU.ActiveCfg = Debug|Any CPU
		{DDE04C69-E9CF-482F-BE3B-537DFCB0BAF7}.Debug|Any CPU.Build.0 = Debug|Any CPU
		{DDE04C69-E9CF-482F-BE3B-537DFCB0BAF7}.Release|Any CPU.ActiveCfg = Release|Any CPU
		{DDE04C69-E9CF-482F-BE3B-537DFCB0BAF7}.Release|Any CPU.Build.0 = Release|Any CPU
	EndGlobalSection
	GlobalSection(NestedProjects) = preSolution
		{9F464154-A616-442C-AE0B-22532D723549} = {05A39B4F-2CA6-4A26-9DC7-5CC075FB6885}
		{A5F7DF7E-D3E2-4E32-860F-53E12DA8EE6F} = {4A21D48D-E562-491F-A9CE-3DC81128D2A4}
		{5D35F4A1-911D-4D4D-881A-323DB790D9CC} = {E051E50E-F80F-4833-95BB-EF06BE5E235C}
		{5865884C-525A-4E85-BC96-D79468B88A49} = {04077462-AF17-4143-BC9A-7FD8FDA1C6AC}
		{153996AF-BE05-4F97-9AA5-C716F78C9F70} = {53303DB2-BF53-4198-9AB7-677EBC180D0B}
		{DDE04C69-E9CF-482F-BE3B-537DFCB0BAF7} = {C1A01B75-51E2-4AD9-9E08-5F1CA275ED7E}
	EndGlobalSection
EndGlobal
